
Microsoft Visual Studio Solution File, Format Version 12.00
Project("{FAE04EC0-301F-11D3-BF4B-00C04F79EFBC}") = "SimpleFileSystem", "SimpleFileSystem\SimpleFileSystem.csproj", "{F03AD36E-00CD-4466-B4DC-816E13D326E5}"
EndProject
Project("{FAE04EC0-301F-11D3-BF4B-00C04F79EFBC}") = "UnitTests", "UnitTests\UnitTests.csproj", "{B51E76F0-818E-4B44-BE55-BF545F776555}"
EndProject
Global
	GlobalSection(SolutionConfigurationPlatforms) = preSolution
		Debug|Any CPU = Debug|Any CPU
		Release|Any CPU = Release|Any CPU
	EndGlobalSection
	GlobalSection(ProjectConfigurationPlatforms) = postSolution
		{F03AD36E-00CD-4466-B4DC-816E13D326E5}.Debug|Any CPU.ActiveCfg = Debug|Any CPU
		{F03AD36E-00CD-4466-B4DC-816E13D326E5}.Debug|Any CPU.Build.0 = Debug|Any CPU
		{F03AD36E-00CD-4466-B4DC-816E13D326E5}.Release|Any CPU.ActiveCfg = Release|Any CPU
		{F03AD36E-00CD-4466-B4DC-816E13D326E5}.Release|Any CPU.Build.0 = Release|Any CPU
		{B51E76F0-818E-4B44-BE55-BF545F776555}.Debug|Any CPU.ActiveCfg = Debug|Any CPU
		{B51E76F0-818E-4B44-BE55-BF545F776555}.Debug|Any CPU.Build.0 = Debug|Any CPU
		{B51E76F0-818E-4B44-BE55-BF545F776555}.Release|Any CPU.ActiveCfg = Release|Any CPU
		{B51E76F0-818E-4B44-BE55-BF545F776555}.Release|Any CPU.Build.0 = Release|Any CPU
	EndGlobalSection
EndGlobal
